
Microsoft Visual Studio Solution File, Format Version 12.00
# Visual Studio Version 17
VisualStudioVersion = 17.14.36408.4 d17.14
MinimumVisualStudioVersion = 10.0.40219.1
Project("{FAE04EC0-301F-11D3-BF4B-00C04F79EFBC}") = "Battleship.WebAPI", "Battleship.WebAPI.csproj", "{0B84340D-BC84-4265-926C-F0D4FC56D5A1}"
EndProject
Global
	GlobalSection(SolutionConfigurationPlatforms) = preSolution
		Debug|Any CPU = Debug|Any CPU
		Release|Any CPU = Release|Any CPU
	EndGlobalSection
	GlobalSection(ProjectConfigurationPlatforms) = postSolution
		{0B84340D-BC84-4265-926C-F0D4FC56D5A1}.Debug|Any CPU.ActiveCfg = Debug|Any CPU
		{0B84340D-BC84-4265-926C-F0D4FC56D5A1}.Debug|Any CPU.Build.0 = Debug|Any CPU
		{0B84340D-BC84-4265-926C-F0D4FC56D5A1}.Release|Any CPU.ActiveCfg = Release|Any CPU
		{0B84340D-BC84-4265-926C-F0D4FC56D5A1}.Release|Any CPU.Build.0 = Release|Any CPU
	EndGlobalSection
	GlobalSection(SolutionProperties) = preSolution
		HideSolutionNode = FALSE
	EndGlobalSection
	GlobalSection(ExtensibilityGlobals) = postSolution
		SolutionGuid = {423373AF-4DFC-4BE2-8526-B6C5EAA0E6E1}
	EndGlobalSection
EndGlobal
